
Microsoft Visual Studio Solution File, Format Version 12.00
# Visual Studio 15
VisualStudioVersion = 15.0.28307.136
MinimumVisualStudioVersion = 10.0.40219.1
Project("{F184B08F-C81C-45F6-A57F-5ABD9991F28F}") = "winapp2ool", "winapp2ool.vbproj", "{F6C7DD7F-A0EE-4D4B-A111-C7B7E117512B}"
EndProject
Global
	GlobalSection(SolutionConfigurationPlatforms) = preSolution
		Debug|Any CPU = Debug|Any CPU
		Release|Any CPU = Release|Any CPU
	EndGlobalSection
	GlobalSection(ProjectConfigurationPlatforms) = postSolution
		{F6C7DD7F-A0EE-4D4B-A111-C7B7E117512B}.Debug|Any CPU.ActiveCfg = Debug|Any CPU
		{F6C7DD7F-A0EE-4D4B-A111-C7B7E117512B}.Debug|Any CPU.Build.0 = Debug|Any CPU
		{F6C7DD7F-A0EE-4D4B-A111-C7B7E117512B}.Release|Any CPU.ActiveCfg = Release|Any CPU
		{F6C7DD7F-A0EE-4D4B-A111-C7B7E117512B}.Release|Any CPU.Build.0 = Release|Any CPU
	EndGlobalSection
	GlobalSection(SolutionProperties) = preSolution
		HideSolutionNode = FALSE
	EndGlobalSection
	GlobalSection(ExtensibilityGlobals) = postSolution
		SolutionGuid = {3D650DD7-ED8C-4DE9-BE94-D5E296F5BA8A}
	EndGlobalSection
EndGlobal
